{
  "nodes": {
    "home-manager": {
      "inputs": {
        "nixpkgs": "nixpkgs"
      },
      "locked": {
        "lastModified": 1650059391,
        "narHash": "sha256-2kYYStLpPCcYToW+uZTP0jxmdR95URCret/vfpzJn4s=",
        "owner": "nix-community",
        "repo": "home-manager",
        "rev": "7add9ce2e5c517fcc4b25b3ed13e7e28cd325034",
        "type": "github"
      },
      "original": {
        "owner": "nix-community",
        "repo": "home-manager",
        "type": "github"
      }
    },
    "nixpkgs": {
      "locked": {
        "lastModified": 1649961138,
        "narHash": "sha256-8ZCPrazs+qd2V8Elw84lIWuk0kKfVQ8Ei/19gahURhM=",
        "owner": "NixOS",
        "repo": "nixpkgs",
        "rev": "d08394e7cd5c7431a1e8f53b7f581e74ee909548",
        "type": "github"
      },
      "original": {
        "id": "nixpkgs",
        "type": "indirect"
      }
    },
    "nixpkgs_2": {
      "locked": {
        "lastModified": 1649986882,
        "narHash": "sha256-cNsInUFq1MbuvaEmv8x6jetWnmAU+osMpnwKumtjksI=",
        "owner": "NixOS",
        "repo": "nixpkgs",
        "rev": "5181d5945eda382ff6a9ca3e072ed6ea9b547fee",
        "type": "github"
      },
      "original": {
        "owner": "NixOS",
        "ref": "nixos-unstable",
        "repo": "nixpkgs",
        "type": "github"
      }
    },
    "nixpkgs_3": {
      "locked": {
        "lastModified": 1639161226,
        "narHash": "sha256-75Y08ynJDTq6HHGIF+8IADBJSVip0UyWQH7jqSFnRR8=",
        "owner": "NixOS",
        "repo": "nixpkgs",
        "rev": "573095944e7c1d58d30fc679c81af63668b54056",
        "type": "github"
      },
      "original": {
        "owner": "NixOS",
        "ref": "nixos-21.11",
        "repo": "nixpkgs",
        "type": "github"
      }
    },
    "nixpkgs_4": {
      "locked": {
        "lastModified": 1649944829,
        "narHash": "sha256-wjOgLfjCdyoRamMOrVJceeDJk4LvJsQOxBoT3k16/7Q=",
        "owner": "NixOS",
        "repo": "nixpkgs",
        "rev": "2f06b87f64bc06229e05045853e0876666e1b023",
        "type": "github"
      },
      "original": {
        "owner": "NixOS",
        "ref": "nixos-21.11",
        "repo": "nixpkgs",
        "type": "github"
      }
    },
    "nixpkgs_5": {
      "locked": {
        "lastModified": 1639161226,
        "narHash": "sha256-75Y08ynJDTq6HHGIF+8IADBJSVip0UyWQH7jqSFnRR8=",
        "owner": "NixOS",
        "repo": "nixpkgs",
        "rev": "573095944e7c1d58d30fc679c81af63668b54056",
        "type": "github"
      },
      "original": {
        "owner": "NixOS",
        "ref": "nixos-21.11",
        "repo": "nixpkgs",
        "type": "github"
      }
    },
    "nixpkgs_6": {
      "locked": {
        "lastModified": 1639161226,
        "narHash": "sha256-75Y08ynJDTq6HHGIF+8IADBJSVip0UyWQH7jqSFnRR8=",
        "owner": "NixOS",
        "repo": "nixpkgs",
        "rev": "573095944e7c1d58d30fc679c81af63668b54056",
        "type": "github"
      },
      "original": {
        "owner": "NixOS",
        "ref": "nixos-21.11",
        "repo": "nixpkgs",
        "type": "github"
      }
    },
    "root": {
      "inputs": {
        "home-manager": "home-manager",
        "nixpkgs": "nixpkgs_2",
        "tkiat-dmenu": "tkiat-dmenu",
        "tkiat-dwm": "tkiat-dwm",
        "tkiat-slock": "tkiat-slock",
        "tkiat-st": "tkiat-st"
      }
    },
    "tkiat-dmenu": {
      "inputs": {
        "nixpkgs": "nixpkgs_3"
      },
      "locked": {
        "lastModified": 1639621318,
        "narHash": "sha256-cX82WesIEFl9WifZzqMuIZmpICeB8Hmx9O4/Oq5YfV4=",
        "owner": "tkiat",
        "repo": "forked-dmenu",
        "rev": "f0fa076bb0398fdf96ed9bd062b0189b278cee86",
        "type": "gitlab"
      },
      "original": {
        "owner": "tkiat",
        "ref": "my-config",
        "repo": "forked-dmenu",
        "type": "gitlab"
      }
    },
    "tkiat-dwm": {
      "inputs": {
        "nixpkgs": "nixpkgs_4"
      },
      "locked": {
        "lastModified": 1639621818,
        "narHash": "sha256-snD/J8u+oLW73Qf0EUXr5VEluco83Ap4eqjqX2r6YqU=",
        "owner": "tkiat",
        "repo": "forked-dwm",
        "rev": "6b96c670041fe40f10f2a615a18b06f0a7eb7098",
        "type": "gitlab"
      },
      "original": {
        "owner": "tkiat",
        "ref": "my-config",
        "repo": "forked-dwm",
        "type": "gitlab"
      }
    },
    "tkiat-slock": {
      "inputs": {
        "nixpkgs": "nixpkgs_5"
      },
      "locked": {
        "lastModified": 1639621407,
        "narHash": "sha256-MW9gsa2+begjZfbjy5QBd1L//LZ2ChnGn9bJuKkeff8=",
        "owner": "tkiat",
        "repo": "forked-slock",
        "rev": "c3d81ffb5598cad72934d7f3c752f53d89a2c8de",
        "type": "gitlab"
      },
      "original": {
        "owner": "tkiat",
        "ref": "my-config",
        "repo": "forked-slock",
        "type": "gitlab"
      }
    },
    "tkiat-st": {
      "inputs": {
        "nixpkgs": "nixpkgs_6"
      },
      "locked": {
        "lastModified": 1639620541,
        "narHash": "sha256-pUmvGuJHfzaGMW6GVrs7/JIhRSK4YaA+RVLMoPHdexU=",
        "owner": "tkiat",
        "repo": "forked-st",
        "rev": "fba57b51a8a343a98adeaf30beeeb94931d3a1a4",
        "type": "gitlab"
      },
      "original": {
        "owner": "tkiat",
        "ref": "my-config",
        "repo": "forked-st",
        "type": "gitlab"
      }
    }
  },
  "root": "root",
  "version": 7
}
