{
  "nodes": {
    "home-manager": {
      "inputs": {
        "nixpkgs": "nixpkgs"
      },
      "locked": {
        "lastModified": 1645244400,
        "narHash": "sha256-o7KCd6ySFZ9/LbS62aTeuFmBWtP7Tt3Q3RcNjYgTgZU=",
        "owner": "nix-community",
        "repo": "home-manager",
        "rev": "0232fe1b75e6d7864fd82b5c72f6646f87838fc3",
        "type": "github"
      },
      "original": {
        "owner": "nix-community",
        "repo": "home-manager",
        "type": "github"
      }
    },
    "nixpkgs": {
      "locked": {
        "lastModified": 1645013224,
        "narHash": "sha256-b7OEC8vwzJv3rsz9pwnTX2LQDkeOWz2DbKypkVvNHXc=",
        "owner": "NixOS",
        "repo": "nixpkgs",
        "rev": "b66b39216b1fef2d8c33cc7a5c72d8da80b79970",
        "type": "github"
      },
      "original": {
        "id": "nixpkgs",
        "type": "indirect"
      }
    },
    "nixpkgs_2": {
      "locked": {
        "lastModified": 1645334861,
        "narHash": "sha256-We9ECiMglthzbZ5S6Myqqf+RHzBFZPoM2qL5/jDkUjs=",
        "owner": "NixOS",
        "repo": "nixpkgs",
        "rev": "d5f237872975e6fb6f76eef1368b5634ffcd266f",
        "type": "github"
      },
      "original": {
        "owner": "NixOS",
        "ref": "nixos-unstable",
        "repo": "nixpkgs",
        "type": "github"
      }
    },
    "nixpkgs_3": {
      "locked": {
        "lastModified": 1639161226,
        "narHash": "sha256-75Y08ynJDTq6HHGIF+8IADBJSVip0UyWQH7jqSFnRR8=",
        "owner": "NixOS",
        "repo": "nixpkgs",
        "rev": "573095944e7c1d58d30fc679c81af63668b54056",
        "type": "github"
      },
      "original": {
        "owner": "NixOS",
        "ref": "nixos-21.11",
        "repo": "nixpkgs",
        "type": "github"
      }
    },
    "nixpkgs_4": {
      "locked": {
        "lastModified": 1645010845,
        "narHash": "sha256-hO9X4PvxkSLMQnGGB7tOrKPwufhLMiNQMNXNwzLqneo=",
        "owner": "NixOS",
        "repo": "nixpkgs",
        "rev": "2128d0aa28edef51fd8fef38b132ffc0155595df",
        "type": "github"
      },
      "original": {
        "owner": "NixOS",
        "ref": "nixos-21.11",
        "repo": "nixpkgs",
        "type": "github"
      }
    },
    "nixpkgs_5": {
      "locked": {
        "lastModified": 1639161226,
        "narHash": "sha256-75Y08ynJDTq6HHGIF+8IADBJSVip0UyWQH7jqSFnRR8=",
        "owner": "NixOS",
        "repo": "nixpkgs",
        "rev": "573095944e7c1d58d30fc679c81af63668b54056",
        "type": "github"
      },
      "original": {
        "owner": "NixOS",
        "ref": "nixos-21.11",
        "repo": "nixpkgs",
        "type": "github"
      }
    },
    "nixpkgs_6": {
      "locked": {
        "lastModified": 1639161226,
        "narHash": "sha256-75Y08ynJDTq6HHGIF+8IADBJSVip0UyWQH7jqSFnRR8=",
        "owner": "NixOS",
        "repo": "nixpkgs",
        "rev": "573095944e7c1d58d30fc679c81af63668b54056",
        "type": "github"
      },
      "original": {
        "owner": "NixOS",
        "ref": "nixos-21.11",
        "repo": "nixpkgs",
        "type": "github"
      }
    },
    "root": {
      "inputs": {
        "home-manager": "home-manager",
        "nixpkgs": "nixpkgs_2",
        "tkiat-dmenu": "tkiat-dmenu",
        "tkiat-dwm": "tkiat-dwm",
        "tkiat-slock": "tkiat-slock",
        "tkiat-st": "tkiat-st"
      }
    },
    "tkiat-dmenu": {
      "inputs": {
        "nixpkgs": "nixpkgs_3"
      },
      "locked": {
        "lastModified": 1639621318,
        "narHash": "sha256-cX82WesIEFl9WifZzqMuIZmpICeB8Hmx9O4/Oq5YfV4=",
        "owner": "tkiat",
        "repo": "forked-dmenu",
        "rev": "f0fa076bb0398fdf96ed9bd062b0189b278cee86",
        "type": "gitlab"
      },
      "original": {
        "owner": "tkiat",
        "ref": "my-config",
        "repo": "forked-dmenu",
        "type": "gitlab"
      }
    },
    "tkiat-dwm": {
      "inputs": {
        "nixpkgs": "nixpkgs_4"
      },
      "locked": {
        "lastModified": 1639621818,
        "narHash": "sha256-snD/J8u+oLW73Qf0EUXr5VEluco83Ap4eqjqX2r6YqU=",
        "owner": "tkiat",
        "repo": "forked-dwm",
        "rev": "6b96c670041fe40f10f2a615a18b06f0a7eb7098",
        "type": "gitlab"
      },
      "original": {
        "owner": "tkiat",
        "ref": "my-config",
        "repo": "forked-dwm",
        "type": "gitlab"
      }
    },
    "tkiat-slock": {
      "inputs": {
        "nixpkgs": "nixpkgs_5"
      },
      "locked": {
        "lastModified": 1639621407,
        "narHash": "sha256-MW9gsa2+begjZfbjy5QBd1L//LZ2ChnGn9bJuKkeff8=",
        "owner": "tkiat",
        "repo": "forked-slock",
        "rev": "c3d81ffb5598cad72934d7f3c752f53d89a2c8de",
        "type": "gitlab"
      },
      "original": {
        "owner": "tkiat",
        "ref": "my-config",
        "repo": "forked-slock",
        "type": "gitlab"
      }
    },
    "tkiat-st": {
      "inputs": {
        "nixpkgs": "nixpkgs_6"
      },
      "locked": {
        "lastModified": 1639620541,
        "narHash": "sha256-pUmvGuJHfzaGMW6GVrs7/JIhRSK4YaA+RVLMoPHdexU=",
        "owner": "tkiat",
        "repo": "forked-st",
        "rev": "fba57b51a8a343a98adeaf30beeeb94931d3a1a4",
        "type": "gitlab"
      },
      "original": {
        "owner": "tkiat",
        "ref": "my-config",
        "repo": "forked-st",
        "type": "gitlab"
      }
    }
  },
  "root": "root",
  "version": 7
}
