{
  "nodes": {
    "home-manager": {
      "inputs": {
        "nixpkgs": "nixpkgs"
      },
      "locked": {
        "lastModified": 1641236600,
        "narHash": "sha256-Xsy/vV1iEMjldygMYys9Y7w/h/suzQfdORVbBfih/PU=",
        "owner": "nix-community",
        "repo": "home-manager",
        "rev": "65e5b835a94b3bca9a1e219e5c43c1bc5fc04598",
        "type": "github"
      },
      "original": {
        "owner": "nix-community",
        "repo": "home-manager",
        "type": "github"
      }
    },
    "nixpkgs": {
      "locked": {
        "lastModified": 1641285291,
        "narHash": "sha256-KYaOBNGar3XWTxTsYPr9P6u74KAqNq0wobEC236U+0c=",
        "owner": "NixOS",
        "repo": "nixpkgs",
        "rev": "0432195a4b8d68faaa7d3d4b355260a3120aeeae",
        "type": "github"
      },
      "original": {
        "id": "nixpkgs",
        "type": "indirect"
      }
    },
    "nixpkgs_2": {
      "locked": {
        "lastModified": 1641230035,
        "narHash": "sha256-hFyqihERaTbLxCOlugy/rpp22VLtLh8SPRnA2uu3F/8=",
        "owner": "NixOS",
        "repo": "nixpkgs",
        "rev": "78cd22c1b8604de423546cd49bfe264b786eca13",
        "type": "github"
      },
      "original": {
        "owner": "NixOS",
        "ref": "nixos-unstable",
        "repo": "nixpkgs",
        "type": "github"
      }
    },
    "nixpkgs_3": {
      "locked": {
        "lastModified": 1639161226,
        "narHash": "sha256-75Y08ynJDTq6HHGIF+8IADBJSVip0UyWQH7jqSFnRR8=",
        "owner": "NixOS",
        "repo": "nixpkgs",
        "rev": "573095944e7c1d58d30fc679c81af63668b54056",
        "type": "github"
      },
      "original": {
        "owner": "NixOS",
        "ref": "nixos-21.11",
        "repo": "nixpkgs",
        "type": "github"
      }
    },
    "nixpkgs_4": {
      "locked": {
        "lastModified": 1641244400,
        "narHash": "sha256-8i4oasWEz/2y9U+F1XU15jfwSbd5YOEBh2tyBBm/W8E=",
        "owner": "NixOS",
        "repo": "nixpkgs",
        "rev": "c6019d8efb5530dcf7ce98086b8e091be5ff900a",
        "type": "github"
      },
      "original": {
        "owner": "NixOS",
        "ref": "nixos-21.11",
        "repo": "nixpkgs",
        "type": "github"
      }
    },
    "nixpkgs_5": {
      "locked": {
        "lastModified": 1639161226,
        "narHash": "sha256-75Y08ynJDTq6HHGIF+8IADBJSVip0UyWQH7jqSFnRR8=",
        "owner": "NixOS",
        "repo": "nixpkgs",
        "rev": "573095944e7c1d58d30fc679c81af63668b54056",
        "type": "github"
      },
      "original": {
        "owner": "NixOS",
        "ref": "nixos-21.11",
        "repo": "nixpkgs",
        "type": "github"
      }
    },
    "nixpkgs_6": {
      "locked": {
        "lastModified": 1639161226,
        "narHash": "sha256-75Y08ynJDTq6HHGIF+8IADBJSVip0UyWQH7jqSFnRR8=",
        "owner": "NixOS",
        "repo": "nixpkgs",
        "rev": "573095944e7c1d58d30fc679c81af63668b54056",
        "type": "github"
      },
      "original": {
        "owner": "NixOS",
        "ref": "nixos-21.11",
        "repo": "nixpkgs",
        "type": "github"
      }
    },
    "root": {
      "inputs": {
        "home-manager": "home-manager",
        "nixpkgs": "nixpkgs_2",
        "tkiat-dmenu": "tkiat-dmenu",
        "tkiat-dwm": "tkiat-dwm",
        "tkiat-slock": "tkiat-slock",
        "tkiat-st": "tkiat-st"
      }
    },
    "tkiat-dmenu": {
      "inputs": {
        "nixpkgs": "nixpkgs_3"
      },
      "locked": {
        "lastModified": 1639621318,
        "narHash": "sha256-cX82WesIEFl9WifZzqMuIZmpICeB8Hmx9O4/Oq5YfV4=",
        "owner": "tkiat",
        "repo": "forked-dmenu",
        "rev": "f0fa076bb0398fdf96ed9bd062b0189b278cee86",
        "type": "gitlab"
      },
      "original": {
        "owner": "tkiat",
        "ref": "my-config",
        "repo": "forked-dmenu",
        "type": "gitlab"
      }
    },
    "tkiat-dwm": {
      "inputs": {
        "nixpkgs": "nixpkgs_4"
      },
      "locked": {
        "lastModified": 1639621818,
        "narHash": "sha256-snD/J8u+oLW73Qf0EUXr5VEluco83Ap4eqjqX2r6YqU=",
        "owner": "tkiat",
        "repo": "forked-dwm",
        "rev": "6b96c670041fe40f10f2a615a18b06f0a7eb7098",
        "type": "gitlab"
      },
      "original": {
        "owner": "tkiat",
        "ref": "my-config",
        "repo": "forked-dwm",
        "type": "gitlab"
      }
    },
    "tkiat-slock": {
      "inputs": {
        "nixpkgs": "nixpkgs_5"
      },
      "locked": {
        "lastModified": 1639621407,
        "narHash": "sha256-MW9gsa2+begjZfbjy5QBd1L//LZ2ChnGn9bJuKkeff8=",
        "owner": "tkiat",
        "repo": "forked-slock",
        "rev": "c3d81ffb5598cad72934d7f3c752f53d89a2c8de",
        "type": "gitlab"
      },
      "original": {
        "owner": "tkiat",
        "ref": "my-config",
        "repo": "forked-slock",
        "type": "gitlab"
      }
    },
    "tkiat-st": {
      "inputs": {
        "nixpkgs": "nixpkgs_6"
      },
      "locked": {
        "lastModified": 1639620541,
        "narHash": "sha256-pUmvGuJHfzaGMW6GVrs7/JIhRSK4YaA+RVLMoPHdexU=",
        "owner": "tkiat",
        "repo": "forked-st",
        "rev": "fba57b51a8a343a98adeaf30beeeb94931d3a1a4",
        "type": "gitlab"
      },
      "original": {
        "owner": "tkiat",
        "ref": "my-config",
        "repo": "forked-st",
        "type": "gitlab"
      }
    }
  },
  "root": "root",
  "version": 7
}
